
Microsoft Visual Studio Solution File, Format Version 12.00
# Visual Studio 15
VisualStudioVersion = 15.0.28010.2041
MinimumVisualStudioVersion = 10.0.40219.1
Project("{FAE04EC0-301F-11D3-BF4B-00C04F79EFBC}") = "WebApplication4", "WebApplication4\WebApplication4.csproj", "{0D401D2B-97C8-4E8B-BC42-F15A474935A7}"
EndProject
Global
	GlobalSection(SolutionConfigurationPlatforms) = preSolution
		Debug|Any CPU = Debug|Any CPU
		Release|Any CPU = Release|Any CPU
	EndGlobalSection
	GlobalSection(ProjectConfigurationPlatforms) = postSolution
		{0D401D2B-97C8-4E8B-BC42-F15A474935A7}.Debug|Any CPU.ActiveCfg = Debug|Any CPU
		{0D401D2B-97C8-4E8B-BC42-F15A474935A7}.Debug|Any CPU.Build.0 = Debug|Any CPU
		{0D401D2B-97C8-4E8B-BC42-F15A474935A7}.Release|Any CPU.ActiveCfg = Release|Any CPU
		{0D401D2B-97C8-4E8B-BC42-F15A474935A7}.Release|Any CPU.Build.0 = Release|Any CPU
	EndGlobalSection
	GlobalSection(SolutionProperties) = preSolution
		HideSolutionNode = FALSE
	EndGlobalSection
	GlobalSection(ExtensibilityGlobals) = postSolution
		SolutionGuid = {C89BCE09-07B7-47C8-B4B4-90BE8C5F816C}
	EndGlobalSection
EndGlobal
