
Microsoft Visual Studio Solution File, Format Version 12.00
# Visual Studio 15
VisualStudioVersion = 15.0.28010.2041
MinimumVisualStudioVersion = 10.0.40219.1
Project("{FAE04EC0-301F-11D3-BF4B-00C04F79EFBC}") = "WebApplication5", "WebApplication5\WebApplication5.csproj", "{2630D17C-AD39-4E29-ABD3-196E0DBE0072}"
EndProject
Global
	GlobalSection(SolutionConfigurationPlatforms) = preSolution
		Debug|Any CPU = Debug|Any CPU
		Release|Any CPU = Release|Any CPU
	EndGlobalSection
	GlobalSection(ProjectConfigurationPlatforms) = postSolution
		{2630D17C-AD39-4E29-ABD3-196E0DBE0072}.Debug|Any CPU.ActiveCfg = Debug|Any CPU
		{2630D17C-AD39-4E29-ABD3-196E0DBE0072}.Debug|Any CPU.Build.0 = Debug|Any CPU
		{2630D17C-AD39-4E29-ABD3-196E0DBE0072}.Release|Any CPU.ActiveCfg = Release|Any CPU
		{2630D17C-AD39-4E29-ABD3-196E0DBE0072}.Release|Any CPU.Build.0 = Release|Any CPU
	EndGlobalSection
	GlobalSection(SolutionProperties) = preSolution
		HideSolutionNode = FALSE
	EndGlobalSection
	GlobalSection(ExtensibilityGlobals) = postSolution
		SolutionGuid = {809E8F8E-13E2-4ECD-98D0-CD9A38E1B2C5}
	EndGlobalSection
EndGlobal
